{
  "nodes": {
    "darwin": {
      "inputs": {
        "nixpkgs": [
          "nixpkgs"
        ]
      },
      "locked": {
        "lastModified": 1671891118,
        "narHash": "sha256-+GJYiT7QbfA306ex4sGMlFB8Ts297pn3OdQ9kTd4aDw=",
        "owner": "LnL7",
        "repo": "nix-darwin",
        "rev": "267040e7a2b8644f1fdfcf57b7e808c286dbdc7b",
        "type": "github"
      },
      "original": {
        "owner": "LnL7",
        "ref": "master",
        "repo": "nix-darwin",
        "type": "github"
      }
    },
    "emacs-overlay": {
      "inputs": {
        "flake-utils": "flake-utils",
        "nixpkgs": [
          "nixpkgs"
        ]
      },
      "locked": {
        "lastModified": 1672740976,
        "narHash": "sha256-r+th+iHy+nwnxH0OjyZynjA+3yP1m1yH7e6QLFFYw8Y=",
        "owner": "nix-community",
        "repo": "emacs-overlay",
        "rev": "0505d6fa58724b02898c3ca2b7373dcf699ae3b5",
        "type": "github"
      },
      "original": {
        "owner": "nix-community",
        "repo": "emacs-overlay",
        "type": "github"
      }
    },
    "flake-utils": {
      "locked": {
        "lastModified": 1667395993,
        "narHash": "sha256-nuEHfE/LcWyuSWnS8t12N1wc105Qtau+/OdUAjtQ0rA=",
        "owner": "numtide",
        "repo": "flake-utils",
        "rev": "5aed5285a952e0b949eb3ba02c12fa4fcfef535f",
        "type": "github"
      },
      "original": {
        "owner": "numtide",
        "repo": "flake-utils",
        "type": "github"
      }
    },
    "home-manager": {
      "inputs": {
        "nixpkgs": [
          "nixpkgs"
        ],
        "utils": "utils"
      },
      "locked": {
        "lastModified": 1672688183,
        "narHash": "sha256-3sNEWKTg3XXVDnvzVatdyetiUQWL+ibJ1YkvxSk3PuM=",
        "owner": "nix-community",
        "repo": "home-manager",
        "rev": "c1a830c8fabb13f95f51ecf48552f0a794d8718a",
        "type": "github"
      },
      "original": {
        "owner": "nix-community",
        "repo": "home-manager",
        "type": "github"
      }
    },
    "nixpkgs": {
      "locked": {
        "lastModified": 1672756850,
        "narHash": "sha256-Smbq3+fitwA13qsTMeaaurv09/KVbZfW7m7lINwzDGA=",
        "owner": "NixOS",
        "repo": "nixpkgs",
        "rev": "298add347c2bbce14020fcb54051f517c391196b",
        "type": "github"
      },
      "original": {
        "owner": "NixOS",
        "ref": "nixpkgs-unstable",
        "repo": "nixpkgs",
        "type": "github"
      }
    },
    "nixpkgs-yabai-5_0_2": {
      "locked": {
        "lastModified": 1671787299,
        "narHash": "sha256-vgZ62Ftoh390YJ+/ZdKjwoRpNf1n8+oa/e25JmGlb0w=",
        "owner": "IvarWithoutBones",
        "repo": "nixpkgs",
        "rev": "27d6a8b410d9e5280d6e76692156dce5d9d6ef86",
        "type": "github"
      },
      "original": {
        "owner": "IvarWithoutBones",
        "repo": "nixpkgs",
        "rev": "27d6a8b410d9e5280d6e76692156dce5d9d6ef86",
        "type": "github"
      }
    },
    "root": {
      "inputs": {
        "darwin": "darwin",
        "emacs-overlay": "emacs-overlay",
        "home-manager": "home-manager",
        "nixpkgs": "nixpkgs",
        "nixpkgs-yabai-5_0_2": "nixpkgs-yabai-5_0_2"
      }
    },
    "utils": {
      "locked": {
        "lastModified": 1667395993,
        "narHash": "sha256-nuEHfE/LcWyuSWnS8t12N1wc105Qtau+/OdUAjtQ0rA=",
        "owner": "numtide",
        "repo": "flake-utils",
        "rev": "5aed5285a952e0b949eb3ba02c12fa4fcfef535f",
        "type": "github"
      },
      "original": {
        "owner": "numtide",
        "repo": "flake-utils",
        "type": "github"
      }
    }
  },
  "root": "root",
  "version": 7
}
